
Microsoft Visual Studio Solution File, Format Version 12.00
# Visual Studio Version 16
VisualStudioVersion = 16.0.29503.13
MinimumVisualStudioVersion = 10.0.40219.1
Project("{FAE04EC0-301F-11D3-BF4B-00C04F79EFBC}") = "Project4", "Project4.csproj", "{79BC576A-8982-42DE-9797-D062044822F5}"
EndProject
Global
	GlobalSection(SolutionConfigurationPlatforms) = preSolution
		Debug|Any CPU = Debug|Any CPU
		Release|Any CPU = Release|Any CPU
	EndGlobalSection
	GlobalSection(ProjectConfigurationPlatforms) = postSolution
		{79BC576A-8982-42DE-9797-D062044822F5}.Debug|Any CPU.ActiveCfg = Debug|Any CPU
		{79BC576A-8982-42DE-9797-D062044822F5}.Debug|Any CPU.Build.0 = Debug|Any CPU
		{79BC576A-8982-42DE-9797-D062044822F5}.Release|Any CPU.ActiveCfg = Release|Any CPU
		{79BC576A-8982-42DE-9797-D062044822F5}.Release|Any CPU.Build.0 = Release|Any CPU
	EndGlobalSection
	GlobalSection(SolutionProperties) = preSolution
		HideSolutionNode = FALSE
	EndGlobalSection
	GlobalSection(ExtensibilityGlobals) = postSolution
		SolutionGuid = {75B0A172-8255-46C8-8D0E-B74D56453784}
	EndGlobalSection
EndGlobal
